
Microsoft Visual Studio Solution File, Format Version 12.00
# Visual Studio Version 16
VisualStudioVersion = 16.0.31025.194
MinimumVisualStudioVersion = 10.0.40219.1
Project("{FAE04EC0-301F-11D3-BF4B-00C04F79EFBC}") = "MatCro.Partier.ConsoleApp", "MatCro.Partier.ConsoleApp\MatCro.Partier.ConsoleApp.csproj", "{FBDA564C-BCD6-40B5-8636-0A9CB2DD191F}"
EndProject
Project("{FAE04EC0-301F-11D3-BF4B-00C04F79EFBC}") = "MatCro.Partier.Kerne", "MatCro.Partier.Kerne\MatCro.Partier.Kerne.csproj", "{8EBD6019-287B-4641-8898-889AC438A1BC}"
EndProject
Global
	GlobalSection(SolutionConfigurationPlatforms) = preSolution
		Debug|Any CPU = Debug|Any CPU
		Release|Any CPU = Release|Any CPU
	EndGlobalSection
	GlobalSection(ProjectConfigurationPlatforms) = postSolution
		{FBDA564C-BCD6-40B5-8636-0A9CB2DD191F}.Debug|Any CPU.ActiveCfg = Debug|Any CPU
		{FBDA564C-BCD6-40B5-8636-0A9CB2DD191F}.Debug|Any CPU.Build.0 = Debug|Any CPU
		{FBDA564C-BCD6-40B5-8636-0A9CB2DD191F}.Release|Any CPU.ActiveCfg = Release|Any CPU
		{FBDA564C-BCD6-40B5-8636-0A9CB2DD191F}.Release|Any CPU.Build.0 = Release|Any CPU
		{8EBD6019-287B-4641-8898-889AC438A1BC}.Debug|Any CPU.ActiveCfg = Debug|Any CPU
		{8EBD6019-287B-4641-8898-889AC438A1BC}.Debug|Any CPU.Build.0 = Debug|Any CPU
		{8EBD6019-287B-4641-8898-889AC438A1BC}.Release|Any CPU.ActiveCfg = Release|Any CPU
		{8EBD6019-287B-4641-8898-889AC438A1BC}.Release|Any CPU.Build.0 = Release|Any CPU
	EndGlobalSection
	GlobalSection(SolutionProperties) = preSolution
		HideSolutionNode = FALSE
	EndGlobalSection
	GlobalSection(ExtensibilityGlobals) = postSolution
		SolutionGuid = {13A08022-76BA-4A21-8B6B-9128199EC143}
	EndGlobalSection
EndGlobal
